
Microsoft Visual Studio Solution File, Format Version 12.00
# Visual Studio Version 17
VisualStudioVersion = 17.0.32126.317
MinimumVisualStudioVersion = 10.0.40219.1
Project("{FAE04EC0-301F-11D3-BF4B-00C04F79EFBC}") = "Etl.Processamento", "Etl.Processamento\Etl.Processamento.csproj", "{BC96A7C6-5F11-4D66-8B5E-F42CCA8ED3ED}"
EndProject
Project("{FAE04EC0-301F-11D3-BF4B-00C04F79EFBC}") = "Etl.Data", "Etl.Data\Etl.Data.csproj", "{80C5964F-9BB4-4087-A4AA-D88DA8DC35FA}"
EndProject
Global
	GlobalSection(SolutionConfigurationPlatforms) = preSolution
		Debug|Any CPU = Debug|Any CPU
		Release|Any CPU = Release|Any CPU
	EndGlobalSection
	GlobalSection(ProjectConfigurationPlatforms) = postSolution
		{BC96A7C6-5F11-4D66-8B5E-F42CCA8ED3ED}.Debug|Any CPU.ActiveCfg = Debug|Any CPU
		{BC96A7C6-5F11-4D66-8B5E-F42CCA8ED3ED}.Debug|Any CPU.Build.0 = Debug|Any CPU
		{BC96A7C6-5F11-4D66-8B5E-F42CCA8ED3ED}.Release|Any CPU.ActiveCfg = Release|Any CPU
		{BC96A7C6-5F11-4D66-8B5E-F42CCA8ED3ED}.Release|Any CPU.Build.0 = Release|Any CPU
		{80C5964F-9BB4-4087-A4AA-D88DA8DC35FA}.Debug|Any CPU.ActiveCfg = Debug|Any CPU
		{80C5964F-9BB4-4087-A4AA-D88DA8DC35FA}.Debug|Any CPU.Build.0 = Debug|Any CPU
		{80C5964F-9BB4-4087-A4AA-D88DA8DC35FA}.Release|Any CPU.ActiveCfg = Release|Any CPU
		{80C5964F-9BB4-4087-A4AA-D88DA8DC35FA}.Release|Any CPU.Build.0 = Release|Any CPU
	EndGlobalSection
	GlobalSection(SolutionProperties) = preSolution
		HideSolutionNode = FALSE
	EndGlobalSection
	GlobalSection(ExtensibilityGlobals) = postSolution
		SolutionGuid = {FDE7BA8D-6EE7-4CA9-9018-B2DA9609036D}
	EndGlobalSection
EndGlobal
